# This file is automatically @generated by Poetry 2.1.3 and should not be changed by hand.

[[package]]
name = "pymodbus"
version = "2.5.3"
description = "A fully featured modbus protocol stack in python"
optional = false
python-versions = ">=2.7,!=3.0.*,!=3.1.*,!=3.2.*,!=3.3.*,!=3.4.*,!=3.5.*"
groups = ["main"]
files = [
    {file = "pymodbus-2.5.3-py2.py3-none-any.whl", hash = "sha256:6f91403294a73b5a1616a11309f93c0b782115c09379438ef7ebc5bdf86182e9"},
    {file = "pymodbus-2.5.3.tar.gz", hash = "sha256:5ef68c1a109bdb467c830ef003ef2db6494349a5248e4af946fe21c9eefe7e74"},
]

[package.dependencies]
pyserial = ">=3.4"
six = ">=1.15.0"

[package.extras]
documents = ["humanfriendly", "sphinx (>=1.1.3)", "sphinx-rtd-theme"]
quality = ["coverage (>=3.5.3)", "mock (>=1.0.0)", "nose (>=1.2.1)", "pep8 (>=1.3.3)"]
repl = ["aiohttp (>=3.7.3) ; python_version >= \"3.6\"", "click (>=7.0) ; python_version <= \"2.7\"", "click (>=7.0) ; python_version >= \"3.6\"", "prompt-toolkit (==2.0.4) ; python_version <= \"2.7\"", "prompt-toolkit (>=3.0.8) ; python_version >= \"3.6\"", "pygments (>=2.2.0) ; python_version <= \"2.7\"", "pygments (>=2.2.0) ; python_version >= \"3.6\"", "pyserial-asyncio (>=0.5) ; python_version >= \"3.6\""]
tornado = ["tornado (==4.5.3)"]
twisted = ["Twisted[conch,serial] (>=20.3.0) ; platform_python_implementation != \"PyPy\" or sys_platform != \"win32\"", "Twisted[conch] (>=20.3.0) ; platform_python_implementation == \"PyPy\" and sys_platform == \"win32\""]

[[package]]
name = "pyserial"
version = "3.5"
description = "Python Serial Port Extension"
optional = false
python-versions = "*"
groups = ["main"]
files = [
    {file = "pyserial-3.5-py2.py3-none-any.whl", hash = "sha256:c4451db6ba391ca6ca299fb3ec7bae67a5c55dde170964c7a14ceefec02f2cf0"},
    {file = "pyserial-3.5.tar.gz", hash = "sha256:3c77e014170dfffbd816e6ffc205e9842efb10be9f58ec16d3e8675b4925cddb"},
]

[package.extras]
cp2110 = ["hidapi"]

[[package]]
name = "six"
version = "1.17.0"
description = "Python 2 and 3 compatibility utilities"
optional = false
python-versions = "!=3.0.*,!=3.1.*,!=3.2.*,>=2.7"
groups = ["main"]
files = [
    {file = "six-1.17.0-py2.py3-none-any.whl", hash = "sha256:4721f391ed90541fddacab5acf947aa0d3dc7d27b2e1e8eda2be8970586c3274"},
    {file = "six-1.17.0.tar.gz", hash = "sha256:ff70335d468e7eb6ec65b95b99d3a2836546063f63acc5171de367e834932a81"},
]

[[package]]
name = "ur-rtde"
version = "1.6.1"
description = "A Python interface for controlling and receiving data from a UR robot using the Real-Time Data Exchange (RTDE) interface of the robot."
optional = false
python-versions = "*"
groups = ["main"]
files = [
    {file = "ur_rtde-1.6.1-cp310-cp310-manylinux_2_17_i686.manylinux2014_i686.whl", hash = "sha256:ba58f03e89a174093982cad3e28ba58368c06715c890d7a79a06f8a15d0fe995"},
    {file = "ur_rtde-1.6.1-cp310-cp310-manylinux_2_17_x86_64.manylinux2014_x86_64.whl", hash = "sha256:b78e8eb440185e803c81292f206f60f833aea6d1691d829cf2dde2f0a07c9df6"},
    {file = "ur_rtde-1.6.1-cp311-cp311-manylinux_2_17_i686.manylinux2014_i686.whl", hash = "sha256:13c361d9af9ea63e464d5066427a15b2f2f12ea4e27981b5c7287a4394c88f9f"},
    {file = "ur_rtde-1.6.1-cp311-cp311-manylinux_2_17_x86_64.manylinux2014_x86_64.whl", hash = "sha256:dc9e9dcfc2659a5143fb88566d3ff77e07087b5dbe1dae4cfa35b640c858a40d"},
    {file = "ur_rtde-1.6.1-cp312-cp312-manylinux_2_17_i686.manylinux2014_i686.whl", hash = "sha256:8192416ab005a7051ab3e5b850d4f06cbf53cc83cbf24ec410a8365f2e3ab86f"},
    {file = "ur_rtde-1.6.1-cp312-cp312-manylinux_2_17_x86_64.manylinux2014_x86_64.whl", hash = "sha256:9149c5b9d9738850643227265300cc9dfc4084947bc977b26597faec1aaaffba"},
    {file = "ur_rtde-1.6.1-cp36-cp36m-manylinux_2_17_i686.manylinux2014_i686.whl", hash = "sha256:15a9c72886ba9a2d11df0c638ee45b37569aa54012b166c69ffa9084b11919b3"},
    {file = "ur_rtde-1.6.1-cp36-cp36m-manylinux_2_17_x86_64.manylinux2014_x86_64.whl", hash = "sha256:71cec5c6f9521bc9093c95848f067612f2e0f5176c5bec5794cecfe5fcc7b581"},
    {file = "ur_rtde-1.6.1-cp37-cp37m-manylinux_2_17_i686.manylinux2014_i686.whl", hash = "sha256:d7d2937a8c6ee00f58f1ff80486434c98d53e9e75e43ab832ddc997c0a073602"},
    {file = "ur_rtde-1.6.1-cp37-cp37m-manylinux_2_17_x86_64.manylinux2014_x86_64.whl", hash = "sha256:2975399a01574e09b9f21dc6082eca08ac75ac2f1ffb55821fcb052136757743"},
    {file = "ur_rtde-1.6.1-cp38-cp38-manylinux_2_17_i686.manylinux2014_i686.whl", hash = "sha256:94a39e2484095d47b59d90f34fb4eff97aaffa7131b1b2071f273db2340ea548"},
    {file = "ur_rtde-1.6.1-cp38-cp38-manylinux_2_17_x86_64.manylinux2014_x86_64.whl", hash = "sha256:1c0db5c9b7ab0e6a2312eb3610cc7f9fff1429bb0b70e21c554eaf61a0ae0423"},
    {file = "ur_rtde-1.6.1-cp39-cp39-manylinux_2_17_i686.manylinux2014_i686.whl", hash = "sha256:b9f6e451817481339f768d6045e44aa4f3995f228878bf74804be62c94054db4"},
    {file = "ur_rtde-1.6.1-cp39-cp39-manylinux_2_17_x86_64.manylinux2014_x86_64.whl", hash = "sha256:fbb8172e90493068d75dd3a0a5356949d9898d33414e7c0609ee6d5111f769a9"},
    {file = "ur_rtde-1.6.1-pp310-pypy310_pp73-manylinux_2_17_i686.manylinux2014_i686.whl", hash = "sha256:e0e70acc6753ea97528ad8c055f9914fda3cf7ffa27cf6f1413a915f9dd29f81"},
    {file = "ur_rtde-1.6.1-pp310-pypy310_pp73-manylinux_2_17_x86_64.manylinux2014_x86_64.whl", hash = "sha256:eeff27284dd85c4f1a65015e11c4eede415eb8dfdbce72e468be7cc936b79acc"},
    {file = "ur_rtde-1.6.1-pp37-pypy37_pp73-manylinux_2_17_i686.manylinux2014_i686.whl", hash = "sha256:1c4d6003e6bcbd0c624db432f823ca777250c1cce8766a67ab1f60095ad86466"},
    {file = "ur_rtde-1.6.1-pp37-pypy37_pp73-manylinux_2_17_x86_64.manylinux2014_x86_64.whl", hash = "sha256:9aaaefbee6cbb513a541e9c5443c7deeb9f92400a1cfa6f9567635a7e90beb4f"},
    {file = "ur_rtde-1.6.1-pp38-pypy38_pp73-manylinux_2_17_i686.manylinux2014_i686.whl", hash = "sha256:b2675cbad18b3e6a0fdc736e7114a3c04fe57aa6b38c39d1b52ee30a56641823"},
    {file = "ur_rtde-1.6.1-pp38-pypy38_pp73-manylinux_2_17_x86_64.manylinux2014_x86_64.whl", hash = "sha256:d91f0e0c917ac81aecc66c226a1e71a573b8664f091be343e3864d1d6eadac40"},
    {file = "ur_rtde-1.6.1-pp39-pypy39_pp73-manylinux_2_17_i686.manylinux2014_i686.whl", hash = "sha256:fbc9b309fd07b84d2ed741630d34cd249c4d22786d44856728ebcd7f50de3415"},
    {file = "ur_rtde-1.6.1-pp39-pypy39_pp73-manylinux_2_17_x86_64.manylinux2014_x86_64.whl", hash = "sha256:dd0082ab3963af276f2f2be0c4478ac4611a3fb3b95fd90231184149277c3220"},
    {file = "ur_rtde-1.6.1.tar.gz", hash = "sha256:50ece9bdcab9471fbcd55f9eee2e72a061fdba6b654a95a0889443a979fec4c5"},
]

[metadata]
lock-version = "2.1"
python-versions = ">=3.8"
content-hash = "f04ed34c1f60504e345fd2c56cf823abf05d163e1283dcf4a96740df5c351ca2"
